
Microsoft Visual Studio Solution File, Format Version 12.00
# Visual Studio Version 16
VisualStudioVersion = 16.0.30517.126
MinimumVisualStudioVersion = 10.0.40219.1
Project("{FAE04EC0-301F-11D3-BF4B-00C04F79EFBC}") = "kladpapier", "kladpapier\kladpapier.csproj", "{1672FD63-7934-4D05-92F6-3ACA84058372}"
EndProject
Global
	GlobalSection(SolutionConfigurationPlatforms) = preSolution
		Debug|Any CPU = Debug|Any CPU
		Release|Any CPU = Release|Any CPU
	EndGlobalSection
	GlobalSection(ProjectConfigurationPlatforms) = postSolution
		{1672FD63-7934-4D05-92F6-3ACA84058372}.Debug|Any CPU.ActiveCfg = Debug|Any CPU
		{1672FD63-7934-4D05-92F6-3ACA84058372}.Debug|Any CPU.Build.0 = Debug|Any CPU
		{1672FD63-7934-4D05-92F6-3ACA84058372}.Release|Any CPU.ActiveCfg = Release|Any CPU
		{1672FD63-7934-4D05-92F6-3ACA84058372}.Release|Any CPU.Build.0 = Release|Any CPU
	EndGlobalSection
	GlobalSection(SolutionProperties) = preSolution
		HideSolutionNode = FALSE
	EndGlobalSection
	GlobalSection(ExtensibilityGlobals) = postSolution
		SolutionGuid = {B477C93E-04B5-4DB6-A48A-C2C5C9C223EC}
	EndGlobalSection
EndGlobal
